dependencies:
- name: rancher-monitoring
  repository: https://charts.rancher.io
  version: 108.0.1+up77.9.1-rancher.10
- name: thanos
  repository: https://charts.bitnami.com/bitnami
  version: 15.7.25
- name: loki
  repository: https://grafana.github.io/helm-charts
  version: 6.29.0
- name: tempo
  repository: https://grafana.github.io/helm-charts
  version: 1.18.2
- name: promtail
  repository: https://grafana.github.io/helm-charts
  version: 6.16.6
- name: alloy
  repository: https://grafana.github.io/helm-charts
  version: 0.12.1
digest: sha256:5ad6eea663f561dac8f924c1fdf3b913a9dfe9f26d5027de71b91ed19c62573b
generated: "2026-01-16T13:46:49.34605-06:00"
