dependencies:
- name: kube-prometheus-stack
  repository: https://prometheus-community.github.io/helm-charts
  version: 81.0.0
- name: thanos
  repository: https://raw.githubusercontent.com/bitnami/charts/archive-full-index/bitnami
  version: 17.3.1
- name: loki
  repository: https://grafana.github.io/helm-charts
  version: 6.49.0
- name: tempo
  repository: https://grafana.github.io/helm-charts
  version: 1.24.3
- name: promtail
  repository: https://grafana.github.io/helm-charts
  version: 6.17.1
- name: alloy
  repository: https://grafana.github.io/helm-charts
  version: 1.5.2
digest: sha256:69f86e8a128004061fbd0a1b8e24c811b4d17b7a582b59cfe6683f3a1bdcabf0
generated: "2026-01-18T04:36:01.183018-06:00"
