dependencies:
- name: kube-prometheus-stack
  repository: https://prometheus-community.github.io/helm-charts
  version: 81.5.0
- name: thanos
  repository: https://raw.githubusercontent.com/bitnami/charts/archive-full-index/bitnami
  version: 17.3.1
- name: loki
  repository: https://grafana.github.io/helm-charts
  version: 6.51.0
- name: tempo
  repository: https://grafana.github.io/helm-charts
  version: 1.24.4
- name: promtail
  repository: https://grafana.github.io/helm-charts
  version: 6.17.1
- name: alloy
  repository: https://grafana.github.io/helm-charts
  version: 1.5.3
digest: sha256:e2ce3547b4d35977860fdc426311ab46bdf3f24a7f8e3e79a64e8cc0a2d65b02
generated: "2026-02-05T02:21:02.034187-06:00"
